
Microsoft Visual Studio Solution File, Format Version 12.00
# Visual Studio Version 16
VisualStudioVersion = 16.0.30717.126
MinimumVisualStudioVersion = 10.0.40219.1
Project("{FAE04EC0-301F-11D3-BF4B-00C04F79EFBC}") = "recursion", "fibfunction\recursion.csproj", "{9DB5C334-20B3-4F25-BCA4-125D1DFB0381}"
EndProject
Project("{FAE04EC0-301F-11D3-BF4B-00C04F79EFBC}") = "cyclic", "cyclic\cyclic.csproj", "{36B02405-F6DC-4219-BB90-8D6FFF13FFFE}"
EndProject
Global
	GlobalSection(SolutionConfigurationPlatforms) = preSolution
		Debug|Any CPU = Debug|Any CPU
		Release|Any CPU = Release|Any CPU
	EndGlobalSection
	GlobalSection(ProjectConfigurationPlatforms) = postSolution
		{9DB5C334-20B3-4F25-BCA4-125D1DFB0381}.Debug|Any CPU.ActiveCfg = Debug|Any CPU
		{9DB5C334-20B3-4F25-BCA4-125D1DFB0381}.Debug|Any CPU.Build.0 = Debug|Any CPU
		{9DB5C334-20B3-4F25-BCA4-125D1DFB0381}.Release|Any CPU.ActiveCfg = Release|Any CPU
		{9DB5C334-20B3-4F25-BCA4-125D1DFB0381}.Release|Any CPU.Build.0 = Release|Any CPU
		{36B02405-F6DC-4219-BB90-8D6FFF13FFFE}.Debug|Any CPU.ActiveCfg = Debug|Any CPU
		{36B02405-F6DC-4219-BB90-8D6FFF13FFFE}.Debug|Any CPU.Build.0 = Debug|Any CPU
		{36B02405-F6DC-4219-BB90-8D6FFF13FFFE}.Release|Any CPU.ActiveCfg = Release|Any CPU
		{36B02405-F6DC-4219-BB90-8D6FFF13FFFE}.Release|Any CPU.Build.0 = Release|Any CPU
	EndGlobalSection
	GlobalSection(SolutionProperties) = preSolution
		HideSolutionNode = FALSE
	EndGlobalSection
	GlobalSection(ExtensibilityGlobals) = postSolution
		SolutionGuid = {C5E032C4-01DC-41B6-80A6-5EEDA657DF15}
	EndGlobalSection
EndGlobal
